
Microsoft Visual Studio Solution File, Format Version 12.00
# Visual Studio Version 17
VisualStudioVersion = 17.3.32929.385
MinimumVisualStudioVersion = 10.0.40219.1
Project("{FAE04EC0-301F-11D3-BF4B-00C04F79EFBC}") = "AddressBookDay23", "AddressBookDay23.csproj", "{027E4BD3-7F2C-4D48-85F2-5166C38AD24B}"
EndProject
Global
	GlobalSection(SolutionConfigurationPlatforms) = preSolution
		Debug|Any CPU = Debug|Any CPU
		Release|Any CPU = Release|Any CPU
	EndGlobalSection
	GlobalSection(ProjectConfigurationPlatforms) = postSolution
		{027E4BD3-7F2C-4D48-85F2-5166C38AD24B}.Debug|Any CPU.ActiveCfg = Debug|Any CPU
		{027E4BD3-7F2C-4D48-85F2-5166C38AD24B}.Debug|Any CPU.Build.0 = Debug|Any CPU
		{027E4BD3-7F2C-4D48-85F2-5166C38AD24B}.Release|Any CPU.ActiveCfg = Release|Any CPU
		{027E4BD3-7F2C-4D48-85F2-5166C38AD24B}.Release|Any CPU.Build.0 = Release|Any CPU
	EndGlobalSection
	GlobalSection(SolutionProperties) = preSolution
		HideSolutionNode = FALSE
	EndGlobalSection
	GlobalSection(ExtensibilityGlobals) = postSolution
		SolutionGuid = {AAEEF78B-0C92-42E5-9694-10D705A454BE}
	EndGlobalSection
EndGlobal
